
Microsoft Visual Studio Solution File, Format Version 12.00
Project("{FAE04EC0-301F-11D3-BF4B-00C04F79EFBC}") = "BlazorToDo", "BlazorToDo\BlazorToDo.csproj", "{818F90C3-332B-40C3-B645-4BE8868B7E56}"
EndProject
Global
	GlobalSection(SolutionConfigurationPlatforms) = preSolution
		Debug|Any CPU = Debug|Any CPU
		Release|Any CPU = Release|Any CPU
	EndGlobalSection
	GlobalSection(ProjectConfigurationPlatforms) = postSolution
		{818F90C3-332B-40C3-B645-4BE8868B7E56}.Debug|Any CPU.ActiveCfg = Debug|Any CPU
		{818F90C3-332B-40C3-B645-4BE8868B7E56}.Debug|Any CPU.Build.0 = Debug|Any CPU
		{818F90C3-332B-40C3-B645-4BE8868B7E56}.Release|Any CPU.ActiveCfg = Release|Any CPU
		{818F90C3-332B-40C3-B645-4BE8868B7E56}.Release|Any CPU.Build.0 = Release|Any CPU
	EndGlobalSection
EndGlobal
